// !$*UTF8*$!
{
	archiveVersion = 1;
	classes = {
	};
	objectVersion = 51;
	objects = {

/* Begin PBXBuildFile section */
		3574CBDA0B1CE376B18A29DD /* Pods_KadaiApp2Tests.framework in Frameworks */ = {isa = PBXBuildFile; fileRef = 6B234401F3ECC9C950B9AE0F /* Pods_KadaiApp2Tests.framework */; };
		B2AD7820BD5057AEC0F7F17B /* Pods_KadaiApp2_KadaiApp2UITests.framework in Frameworks */ = {isa = PBXBuildFile; fileRef = 93CBCED5C8F45453FDDF2DB6 /* Pods_KadaiApp2_KadaiApp2UITests.framework */; };
		C0EADFD77F99009778A7F179 /* Pods_KadaiApp2.framework in Frameworks */ = {isa = PBXBuildFile; fileRef = ACECC74DAED925DA19D0C5EC /* Pods_KadaiApp2.framework */; };
		F50F91C92639010900E76CE1 /* AppDelegate.m in Sources */ = {isa = PBXBuildFile; fileRef = F50F91C82639010900E76CE1 /* AppDelegate.m */; };
		F50F91CC2639010900E76CE1 /* SceneDelegate.m in Sources */ = {isa = PBXBuildFile; fileRef = F50F91CB2639010900E76CE1 /* SceneDelegate.m */; };
		F50F91CF2639010900E76CE1 /* ViewController.m in Sources */ = {isa = PBXBuildFile; fileRef = F50F91CE2639010900E76CE1 /* ViewController.m */; };
		F50F91D22639010900E76CE1 /* Main.storyboard in Resources */ = {isa = PBXBuildFile; fileRef = F50F91D02639010900E76CE1 /* Main.storyboard */; };
		F50F91D42639010B00E76CE1 /* Assets.xcassets in Resources */ = {isa = PBXBuildFile; fileRef = F50F91D32639010B00E76CE1 /* Assets.xcassets */; };
		F50F91D72639010B00E76CE1 /* LaunchScreen.storyboard in Resources */ = {isa = PBXBuildFile; fileRef = F50F91D52639010B00E76CE1 /* LaunchScreen.storyboard */; };
		F50F91DA2639010B00E76CE1 /* main.m in Sources */ = {isa = PBXBuildFile; fileRef = F50F91D92639010B00E76CE1 /* main.m */; };
		F50F91E42639010B00E76CE1 /* KadaiApp2Tests.m in Sources */ = {isa = PBXBuildFile; fileRef = F50F91E32639010B00E76CE1 /* KadaiApp2Tests.m */; };
		F50F91EF2639010B00E76CE1 /* KadaiApp2UITests.m in Sources */ = {isa = PBXBuildFile; fileRef = F50F91EE2639010B00E76CE1 /* KadaiApp2UITests.m */; };
		F534B10B2639495400546A9C /* BannerViewController.m in Sources */ = {isa = PBXBuildFile; fileRef = F534B10A2639495400546A9C /* BannerViewController.m */; };
		F534B11126394ADA00546A9C /* RewardedVideoViewController.m in Sources */ = {isa = PBXBuildFile; fileRef = F534B11026394ADA00546A9C /* RewardedVideoViewController.m */; };
/* End PBXBuildFile section */

/* Begin PBXContainerItemProxy section */
		F50F91E02639010B00E76CE1 /* PBXContainerItemProxy */ = {
			isa = PBXContainerItemProxy;
			containerPortal = F50F91BC2639010900E76CE1 /* Project object */;
			proxyType = 1;
			remoteGlobalIDString = F50F91C32639010900E76CE1;
			remoteInfo = KadaiApp2;
		};
		F50F91EB2639010B00E76CE1 /* PBXContainerItemProxy */ = {
			isa = PBXContainerItemProxy;
			containerPortal = F50F91BC2639010900E76CE1 /* Project object */;
			proxyType = 1;
			remoteGlobalIDString = F50F91C32639010900E76CE1;
			remoteInfo = KadaiApp2;
		};
/* End PBXContainerItemProxy section */

/* Begin PBXFileReference section */
		078ECB48E19DED0EA8F97F92 /* Pods-KadaiApp2-KadaiApp2UITests.debug.xcconfig */ = {isa = PBXFileReference; includeInIndex = 1; lastKnownFileType = text.xcconfig; name = "Pods-KadaiApp2-KadaiApp2UITests.debug.xcconfig"; path = "Target Support Files/Pods-KadaiApp2-KadaiApp2UITests/Pods-KadaiApp2-KadaiApp2UITests.debug.xcconfig"; sourceTree = "<group>"; };
		1AC0F6EA992DDF1F3F0EB8F5 /* Pods-KadaiApp2Tests.release.xcconfig */ = {isa = PBXFileReference; includeInIndex = 1; lastKnownFileType = text.xcconfig; name = "Pods-KadaiApp2Tests.release.xcconfig"; path = "Target Support Files/Pods-KadaiApp2Tests/Pods-KadaiApp2Tests.release.xcconfig"; sourceTree = "<group>"; };
		4F0E4421DFBA9A9CF8228823 /* Pods-KadaiApp2-KadaiApp2UITests.release.xcconfig */ = {isa = PBXFileReference; includeInIndex = 1; lastKnownFileType = text.xcconfig; name = "Pods-KadaiApp2-KadaiApp2UITests.release.xcconfig"; path = "Target Support Files/Pods-KadaiApp2-KadaiApp2UITests/Pods-KadaiApp2-KadaiApp2UITests.release.xcconfig"; sourceTree = "<group>"; };
		6B234401F3ECC9C950B9AE0F /* Pods_KadaiApp2Tests.framework */ = {isa = PBXFileReference; explicitFileType = wrapper.framework; includeInIndex = 0; path = Pods_KadaiApp2Tests.framework; sourceTree = BUILT_PRODUCTS_DIR; };
		7427BAB49587A84499674CFE /* Pods-KadaiApp2.debug.xcconfig */ = {isa = PBXFileReference; includeInIndex = 1; lastKnownFileType = text.xcconfig; name = "Pods-KadaiApp2.debug.xcconfig"; path = "Target Support Files/Pods-KadaiApp2/Pods-KadaiApp2.debug.xcconfig"; sourceTree = "<group>"; };
		903CBD423C7C1AFB6637E7F1 /* Pods-KadaiApp2.release.xcconfig */ = {isa = PBXFileReference; includeInIndex = 1; lastKnownFileType = text.xcconfig; name = "Pods-KadaiApp2.release.xcconfig"; path = "Target Support Files/Pods-KadaiApp2/Pods-KadaiApp2.release.xcconfig"; sourceTree = "<group>"; };
		93CBCED5C8F45453FDDF2DB6 /* Pods_KadaiApp2_KadaiApp2UITests.framework */ = {isa = PBXFileReference; explicitFileType = wrapper.framework; includeInIndex = 0; path = Pods_KadaiApp2_KadaiApp2UITests.framework; sourceTree = BUILT_PRODUCTS_DIR; };
		9DC42CD93CBCF4D5F299C410 /* Pods-KadaiApp2Tests.debug.xcconfig */ = {isa = PBXFileReference; includeInIndex = 1; lastKnownFileType = text.xcconfig; name = "Pods-KadaiApp2Tests.debug.xcconfig"; path = "Target Support Files/Pods-KadaiApp2Tests/Pods-KadaiApp2Tests.debug.xcconfig"; sourceTree = "<group>"; };
		ACECC74DAED925DA19D0C5EC /* Pods_KadaiApp2.framework */ = {isa = PBXFileReference; explicitFileType = wrapper.framework; includeInIndex = 0; path = Pods_KadaiApp2.framework; sourceTree = BUILT_PRODUCTS_DIR; };
		F50F91C42639010900E76CE1 /* KadaiApp2.app */ = {isa = PBXFileReference; explicitFileType = wrapper.application; includeInIndex = 0; path = KadaiApp2.app; sourceTree = BUILT_PRODUCTS_DIR; };
		F50F91C72639010900E76CE1 /* AppDelegate.h */ = {isa = PBXFileReference; lastKnownFileType = sourcecode.c.h; path = AppDelegate.h; sourceTree = "<group>"; };
		F50F91C82639010900E76CE1 /* AppDelegate.m */ = {isa = PBXFileReference; lastKnownFileType = sourcecode.c.objc; path = AppDelegate.m; sourceTree = "<group>"; };
		F50F91CA2639010900E76CE1 /* SceneDelegate.h */ = {isa = PBXFileReference; lastKnownFileType = sourcecode.c.h; path = SceneDelegate.h; sourceTree = "<group>"; };
		F50F91CB2639010900E76CE1 /* SceneDelegate.m */ = {isa = PBXFileReference; lastKnownFileType = sourcecode.c.objc; path = SceneDelegate.m; sourceTree = "<group>"; };
		F50F91CD2639010900E76CE1 /* ViewController.h */ = {isa = PBXFileReference; lastKnownFileType = sourcecode.c.h; path = ViewController.h; sourceTree = "<group>"; };
		F50F91CE2639010900E76CE1 /* ViewController.m */ = {isa = PBXFileReference; lastKnownFileType = sourcecode.c.objc; path = ViewController.m; sourceTree = "<group>"; };
		F50F91D12639010900E76CE1 /* Base */ = {isa = PBXFileReference; lastKnownFileType = file.storyboard; name = Base; path = Base.lproj/Main.storyboard; sourceTree = "<group>"; };
		F50F91D32639010B00E76CE1 /* Assets.xcassets */ = {isa = PBXFileReference; lastKnownFileType = folder.assetcatalog; path = Assets.xcassets; sourceTree = "<group>"; };
		F50F91D62639010B00E76CE1 /* Base */ = {isa = PBXFileReference; lastKnownFileType = file.storyboard; name = Base; path = Base.lproj/LaunchScreen.storyboard; sourceTree = "<group>"; };
		F50F91D82639010B00E76CE1 /* Info.plist */ = {isa = PBXFileReference; lastKnownFileType = text.plist.xml; path = Info.plist; sourceTree = "<group>"; };
		F50F91D92639010B00E76CE1 /* main.m */ = {isa = PBXFileReference; lastKnownFileType = sourcecode.c.objc; path = main.m; sourceTree = "<group>"; };
		F50F91DF2639010B00E76CE1 /* KadaiApp2Tests.xctest */ = {isa = PBXFileReference; explicitFileType = wrapper.cfbundle; includeInIndex = 0; path = KadaiApp2Tests.xctest; sourceTree = BUILT_PRODUCTS_DIR; };
		F50F91E32639010B00E76CE1 /* KadaiApp2Tests.m */ = {isa = PBXFileReference; lastKnownFileType = sourcecode.c.objc; path = KadaiApp2Tests.m; sourceTree = "<group>"; };
		F50F91E52639010B00E76CE1 /* Info.plist */ = {isa = PBXFileReference; lastKnownFileType = text.plist.xml; path = Info.plist; sourceTree = "<group>"; };
		F50F91EA2639010B00E76CE1 /* KadaiApp2UITests.xctest */ = {isa = PBXFileReference; explicitFileType = wrapper.cfbundle; includeInIndex = 0; path = KadaiApp2UITests.xctest; sourceTree = BUILT_PRODUCTS_DIR; };
		F50F91EE2639010B00E76CE1 /* KadaiApp2UITests.m */ = {isa = PBXFileReference; lastKnownFileType = sourcecode.c.objc; path = KadaiApp2UITests.m; sourceTree = "<group>"; };
		F50F91F02639010B00E76CE1 /* Info.plist */ = {isa = PBXFileReference; lastKnownFileType = text.plist.xml; path = Info.plist; sourceTree = "<group>"; };
		F534B1092639495400546A9C /* BannerViewController.h */ = {isa = PBXFileReference; lastKnownFileType = sourcecode.c.h; path = BannerViewController.h; sourceTree = "<group>"; };
		F534B10A2639495400546A9C /* BannerViewController.m */ = {isa = PBXFileReference; lastKnownFileType = sourcecode.c.objc; path = BannerViewController.m; sourceTree = "<group>"; };
		F534B10F26394ADA00546A9C /* RewardedVideoViewController.h */ = {isa = PBXFileReference; lastKnownFileType = sourcecode.c.h; path = RewardedVideoViewController.h; sourceTree = "<group>"; };
		F534B11026394ADA00546A9C /* RewardedVideoViewController.m */ = {isa = PBXFileReference; lastKnownFileType = sourcecode.c.objc; path = RewardedVideoViewController.m; sourceTree = "<group>"; };
/* End PBXFileReference section */

/* Begin PBXFrameworksBuildPhase section */
		F50F91C12639010900E76CE1 /* Frameworks */ = {
			isa = PBXFrameworksBuildPhase;
			buildActionMask = 2147483647;
			files = (
				C0EADFD77F99009778A7F179 /* Pods_KadaiApp2.framework in Frameworks */,
			);
			runOnlyForDeploymentPostprocessing = 0;
		};
		F50F91DC2639010B00E76CE1 /* Frameworks */ = {
			isa = PBXFrameworksBuildPhase;
			buildActionMask = 2147483647;
			files = (
				3574CBDA0B1CE376B18A29DD /* Pods_KadaiApp2Tests.framework in Frameworks */,
			);
			runOnlyForDeploymentPostprocessing = 0;
		};
		F50F91E72639010B00E76CE1 /* Frameworks */ = {
			isa = PBXFrameworksBuildPhase;
			buildActionMask = 2147483647;
			files = (
				B2AD7820BD5057AEC0F7F17B /* Pods_KadaiApp2_KadaiApp2UITests.framework in Frameworks */,
			);
			runOnlyForDeploymentPostprocessing = 0;
		};
/* End PBXFrameworksBuildPhase section */

/* Begin PBXGroup section */
		75F4E90A2D6B5661087E1F5D /* Frameworks */ = {
			isa = PBXGroup;
			children = (
				ACECC74DAED925DA19D0C5EC /* Pods_KadaiApp2.framework */,
				93CBCED5C8F45453FDDF2DB6 /* Pods_KadaiApp2_KadaiApp2UITests.framework */,
				6B234401F3ECC9C950B9AE0F /* Pods_KadaiApp2Tests.framework */,
			);
			name = Frameworks;
			sourceTree = "<group>";
		};
		BF2127D73DB22EF5B33D403F /* Pods */ = {
			isa = PBXGroup;
			children = (
				7427BAB49587A84499674CFE /* Pods-KadaiApp2.debug.xcconfig */,
				903CBD423C7C1AFB6637E7F1 /* Pods-KadaiApp2.release.xcconfig */,
				078ECB48E19DED0EA8F97F92 /* Pods-KadaiApp2-KadaiApp2UITests.debug.xcconfig */,
				4F0E4421DFBA9A9CF8228823 /* Pods-KadaiApp2-KadaiApp2UITests.release.xcconfig */,
				9DC42CD93CBCF4D5F299C410 /* Pods-KadaiApp2Tests.debug.xcconfig */,
				1AC0F6EA992DDF1F3F0EB8F5 /* Pods-KadaiApp2Tests.release.xcconfig */,
			);
			path = Pods;
			sourceTree = "<group>";
		};
		F50F91BB2639010900E76CE1 = {
			isa = PBXGroup;
			children = (
				F50F91C62639010900E76CE1 /* KadaiApp2 */,
				F50F91E22639010B00E76CE1 /* KadaiApp2Tests */,
				F50F91ED2639010B00E76CE1 /* KadaiApp2UITests */,
				F50F91C52639010900E76CE1 /* Products */,
				BF2127D73DB22EF5B33D403F /* Pods */,
				75F4E90A2D6B5661087E1F5D /* Frameworks */,
			);
			sourceTree = "<group>";
		};
		F50F91C52639010900E76CE1 /* Products */ = {
			isa = PBXGroup;
			children = (
				F50F91C42639010900E76CE1 /* KadaiApp2.app */,
				F50F91DF2639010B00E76CE1 /* KadaiApp2Tests.xctest */,
				F50F91EA2639010B00E76CE1 /* KadaiApp2UITests.xctest */,
			);
			name = Products;
			sourceTree = "<group>";
		};
		F50F91C62639010900E76CE1 /* KadaiApp2 */ = {
			isa = PBXGroup;
			children = (
				F50F91C72639010900E76CE1 /* AppDelegate.h */,
				F50F91C82639010900E76CE1 /* AppDelegate.m */,
				F50F91CA2639010900E76CE1 /* SceneDelegate.h */,
				F50F91CB2639010900E76CE1 /* SceneDelegate.m */,
				F50F91CD2639010900E76CE1 /* ViewController.h */,
				F50F91CE2639010900E76CE1 /* ViewController.m */,
				F50F91D02639010900E76CE1 /* Main.storyboard */,
				F50F91D32639010B00E76CE1 /* Assets.xcassets */,
				F50F91D52639010B00E76CE1 /* LaunchScreen.storyboard */,
				F50F91D82639010B00E76CE1 /* Info.plist */,
				F50F91D92639010B00E76CE1 /* main.m */,
				F534B1092639495400546A9C /* BannerViewController.h */,
				F534B10A2639495400546A9C /* BannerViewController.m */,
				F534B10F26394ADA00546A9C /* RewardedVideoViewController.h */,
				F534B11026394ADA00546A9C /* RewardedVideoViewController.m */,
			);
			path = KadaiApp2;
			sourceTree = "<group>";
		};
		F50F91E22639010B00E76CE1 /* KadaiApp2Tests */ = {
			isa = PBXGroup;
			children = (
				F50F91E32639010B00E76CE1 /* KadaiApp2Tests.m */,
				F50F91E52639010B00E76CE1 /* Info.plist */,
			);
			path = KadaiApp2Tests;
			sourceTree = "<group>";
		};
		F50F91ED2639010B00E76CE1 /* KadaiApp2UITests */ = {
			isa = PBXGroup;
			children = (
				F50F91EE2639010B00E76CE1 /* KadaiApp2UITests.m */,
				F50F91F02639010B00E76CE1 /* Info.plist */,
			);
			path = KadaiApp2UITests;
			sourceTree = "<group>";
		};
/* End PBXGroup section */

/* Begin PBXNativeTarget section */
		F50F91C32639010900E76CE1 /* KadaiApp2 */ = {
			isa = PBXNativeTarget;
			buildConfigurationList = F50F91F32639010B00E76CE1 /* Build configuration list for PBXNativeTarget "KadaiApp2" */;
			buildPhases = (
				452F68646A2D129CEA19EB80 /* [CP] Check Pods Manifest.lock */,
				F50F91C02639010900E76CE1 /* Sources */,
				F50F91C12639010900E76CE1 /* Frameworks */,
				F50F91C22639010900E76CE1 /* Resources */,
				C79E22355BFE077CBEDE599F /* [CP] Copy Pods Resources */,
			);
			buildRules = (
			);
			dependencies = (
			);
			name = KadaiApp2;
			productName = KadaiApp2;
			productReference = F50F91C42639010900E76CE1 /* KadaiApp2.app */;
			productType = "com.apple.product-type.application";
		};
		F50F91DE2639010B00E76CE1 /* KadaiApp2Tests */ = {
			isa = PBXNativeTarget;
			buildConfigurationList = F50F91F62639010B00E76CE1 /* Build configuration list for PBXNativeTarget "KadaiApp2Tests" */;
			buildPhases = (
				C47E9CF2D99D8B58EE5EE5E1 /* [CP] Check Pods Manifest.lock */,
				F50F91DB2639010B00E76CE1 /* Sources */,
				F50F91DC2639010B00E76CE1 /* Frameworks */,
				F50F91DD2639010B00E76CE1 /* Resources */,
			);
			buildRules = (
			);
			dependencies = (
				F50F91E12639010B00E76CE1 /* PBXTargetDependency */,
			);
			name = KadaiApp2Tests;
			productName = KadaiApp2Tests;
			productReference = F50F91DF2639010B00E76CE1 /* KadaiApp2Tests.xctest */;
			productType = "com.apple.product-type.bundle.unit-test";
		};
		F50F91E92639010B00E76CE1 /* KadaiApp2UITests */ = {
			isa = PBXNativeTarget;
			buildConfigurationList = F50F91F92639010B00E76CE1 /* Build configuration list for PBXNativeTarget "KadaiApp2UITests" */;
			buildPhases = (
				A257A0C14B0A9B63DA26F66B /* [CP] Check Pods Manifest.lock */,
				F50F91E62639010B00E76CE1 /* Sources */,
				F50F91E72639010B00E76CE1 /* Frameworks */,
				F50F91E82639010B00E76CE1 /* Resources */,
				5735621B00780CDC10011320 /* [CP] Copy Pods Resources */,
			);
			buildRules = (
			);
			dependencies = (
				F50F91EC2639010B00E76CE1 /* PBXTargetDependency */,
			);
			name = KadaiApp2UITests;
			productName = KadaiApp2UITests;
			productReference = F50F91EA2639010B00E76CE1 /* KadaiApp2UITests.xctest */;
			productType = "com.apple.product-type.bundle.ui-testing";
		};
/* End PBXNativeTarget section */

/* Begin PBXProject section */
		F50F91BC2639010900E76CE1 /* Project object */ = {
			isa = PBXProject;
			attributes = {
				LastUpgradeCheck = 1240;
				TargetAttributes = {
					F50F91C32639010900E76CE1 = {
						CreatedOnToolsVersion = 12.4;
					};
					F50F91DE2639010B00E76CE1 = {
						CreatedOnToolsVersion = 12.4;
						TestTargetID = F50F91C32639010900E76CE1;
					};
					F50F91E92639010B00E76CE1 = {
						CreatedOnToolsVersion = 12.4;
						TestTargetID = F50F91C32639010900E76CE1;
					};
				};
			};
			buildConfigurationList = F50F91BF2639010900E76CE1 /* Build configuration list for PBXProject "KadaiApp2" */;
			compatibilityVersion = "Xcode 9.3";
			developmentRegion = en;
			hasScannedForEncodings = 0;
			knownRegions = (
				en,
				Base,
			);
			mainGroup = F50F91BB2639010900E76CE1;
			productRefGroup = F50F91C52639010900E76CE1 /* Products */;
			projectDirPath = "";
			projectRoot = "";
			targets = (
				F50F91C32639010900E76CE1 /* KadaiApp2 */,
				F50F91DE2639010B00E76CE1 /* KadaiApp2Tests */,
				F50F91E92639010B00E76CE1 /* KadaiApp2UITests */,
			);
		};
/* End PBXProject section */

/* Begin PBXResourcesBuildPhase section */
		F50F91C22639010900E76CE1 /* Resources */ = {
			isa = PBXResourcesBuildPhase;
			buildActionMask = 2147483647;
			files = (
				F50F91D72639010B00E76CE1 /* LaunchScreen.storyboard in Resources */,
				F50F91D42639010B00E76CE1 /* Assets.xcassets in Resources */,
				F50F91D22639010900E76CE1 /* Main.storyboard in Resources */,
			);
			runOnlyForDeploymentPostprocessing = 0;
		};
		F50F91DD2639010B00E76CE1 /* Resources */ = {
			isa = PBXResourcesBuildPhase;
			buildActionMask = 2147483647;
			files = (
			);
			runOnlyForDeploymentPostprocessing = 0;
		};
		F50F91E82639010B00E76CE1 /* Resources */ = {
			isa = PBXResourcesBuildPhase;
			buildActionMask = 2147483647;
			files = (
			);
			runOnlyForDeploymentPostprocessing = 0;
		};
/* End PBXResourcesBuildPhase section */

/* Begin PBXShellScriptBuildPhase section */
		452F68646A2D129CEA19EB80 /* [CP] Check Pods Manifest.lock */ = {
			isa = PBXShellScriptBuildPhase;
			buildActionMask = 2147483647;
			files = (
			);
			inputFileListPaths = (
			);
			inputPaths = (
				"${PODS_PODFILE_DIR_PATH}/Podfile.lock",
				"${PODS_ROOT}/Manifest.lock",
			);
			name = "[CP] Check Pods Manifest.lock";
			outputFileListPaths = (
			);
			outputPaths = (
				"$(DERIVED_FILE_DIR)/Pods-KadaiApp2-checkManifestLockResult.txt",
			);
			runOnlyForDeploymentPostprocessing = 0;
			shellPath = /bin/sh;
			shellScript = "diff \"${PODS_PODFILE_DIR_PATH}/Podfile.lock\" \"${PODS_ROOT}/Manifest.lock\" > /dev/null\nif [ $? != 0 ] ; then\n    # print error to STDERR\n    echo \"error: The sandbox is not in sync with the Podfile.lock. Run 'pod install' or update your CocoaPods installation.\" >&2\n    exit 1\nfi\n# This output is used by Xcode 'outputs' to avoid re-running this script phase.\necho \"SUCCESS\" > \"${SCRIPT_OUTPUT_FILE_0}\"\n";
			showEnvVarsInLog = 0;
		};
		5735621B00780CDC10011320 /* [CP] Copy Pods Resources */ = {
			isa = PBXShellScriptBuildPhase;
			buildActionMask = 2147483647;
			files = (
			);
			inputFileListPaths = (
				"${PODS_ROOT}/Target Support Files/Pods-KadaiApp2-KadaiApp2UITests/Pods-KadaiApp2-KadaiApp2UITests-resources-${CONFIGURATION}-input-files.xcfilelist",
			);
			name = "[CP] Copy Pods Resources";
			outputFileListPaths = (
				"${PODS_ROOT}/Target Support Files/Pods-KadaiApp2-KadaiApp2UITests/Pods-KadaiApp2-KadaiApp2UITests-resources-${CONFIGURATION}-output-files.xcfilelist",
			);
			runOnlyForDeploymentPostprocessing = 0;
			shellPath = /bin/sh;
			shellScript = "\"${PODS_ROOT}/Target Support Files/Pods-KadaiApp2-KadaiApp2UITests/Pods-KadaiApp2-KadaiApp2UITests-resources.sh\"\n";
			showEnvVarsInLog = 0;
		};
		A257A0C14B0A9B63DA26F66B /* [CP] Check Pods Manifest.lock */ = {
			isa = PBXShellScriptBuildPhase;
			buildActionMask = 2147483647;
			files = (
			);
			inputFileListPaths = (
			);
			inputPaths = (
				"${PODS_PODFILE_DIR_PATH}/Podfile.lock",
				"${PODS_ROOT}/Manifest.lock",
			);
			name = "[CP] Check Pods Manifest.lock";
			outputFileListPaths = (
			);
			outputPaths = (
				"$(DERIVED_FILE_DIR)/Pods-KadaiApp2-KadaiApp2UITests-checkManifestLockResult.txt",
			);
			runOnlyForDeploymentPostprocessing = 0;
			shellPath = /bin/sh;
			shellScript = "diff \"${PODS_PODFILE_DIR_PATH}/Podfile.lock\" \"${PODS_ROOT}/Manifest.lock\" > /dev/null\nif [ $? != 0 ] ; then\n    # print error to STDERR\n    echo \"error: The sandbox is not in sync with the Podfile.lock. Run 'pod install' or update your CocoaPods installation.\" >&2\n    exit 1\nfi\n# This output is used by Xcode 'outputs' to avoid re-running this script phase.\necho \"SUCCESS\" > \"${SCRIPT_OUTPUT_FILE_0}\"\n";
			showEnvVarsInLog = 0;
		};
		C47E9CF2D99D8B58EE5EE5E1 /* [CP] Check Pods Manifest.lock */ = {
			isa = PBXShellScriptBuildPhase;
			buildActionMask = 2147483647;
			files = (
			);
			inputFileListPaths = (
			);
			inputPaths = (
				"${PODS_PODFILE_DIR_PATH}/Podfile.lock",
				"${PODS_ROOT}/Manifest.lock",
			);
			name = "[CP] Check Pods Manifest.lock";
			outputFileListPaths = (
			);
			outputPaths = (
				"$(DERIVED_FILE_DIR)/Pods-KadaiApp2Tests-checkManifestLockResult.txt",
			);
			runOnlyForDeploymentPostprocessing = 0;
			shellPath = /bin/sh;
			shellScript = "diff \"${PODS_PODFILE_DIR_PATH}/Podfile.lock\" \"${PODS_ROOT}/Manifest.lock\" > /dev/null\nif [ $? != 0 ] ; then\n    # print error to STDERR\n    echo \"error: The sandbox is not in sync with the Podfile.lock. Run 'pod install' or update your CocoaPods installation.\" >&2\n    exit 1\nfi\n# This output is used by Xcode 'outputs' to avoid re-running this script phase.\necho \"SUCCESS\" > \"${SCRIPT_OUTPUT_FILE_0}\"\n";
			showEnvVarsInLog = 0;
		};
		C79E22355BFE077CBEDE599F /* [CP] Copy Pods Resources */ = {
			isa = PBXShellScriptBuildPhase;
			buildActionMask = 2147483647;
			files = (
			);
			inputFileListPaths = (
				"${PODS_ROOT}/Target Support Files/Pods-KadaiApp2/Pods-KadaiApp2-resources-${CONFIGURATION}-input-files.xcfilelist",
			);
			name = "[CP] Copy Pods Resources";
			outputFileListPaths = (
				"${PODS_ROOT}/Target Support Files/Pods-KadaiApp2/Pods-KadaiApp2-resources-${CONFIGURATION}-output-files.xcfilelist",
			);
			runOnlyForDeploymentPostprocessing = 0;
			shellPath = /bin/sh;
			shellScript = "\"${PODS_ROOT}/Target Support Files/Pods-KadaiApp2/Pods-KadaiApp2-resources.sh\"\n";
			showEnvVarsInLog = 0;
		};
/* End PBXShellScriptBuildPhase section */

/* Begin PBXSourcesBuildPhase section */
		F50F91C02639010900E76CE1 /* Sources */ = {
			isa = PBXSourcesBuildPhase;
			buildActionMask = 2147483647;
			files = (
				F534B11126394ADA00546A9C /* RewardedVideoViewController.m in Sources */,
				F50F91CF2639010900E76CE1 /* ViewController.m in Sources */,
				F50F91C92639010900E76CE1 /* AppDelegate.m in Sources */,
				F50F91DA2639010B00E76CE1 /* main.m in Sources */,
				F50F91CC2639010900E76CE1 /* SceneDelegate.m in Sources */,
				F534B10B2639495400546A9C /* BannerViewController.m in Sources */,
			);
			runOnlyForDeploymentPostprocessing = 0;
		};
		F50F91DB2639010B00E76CE1 /* Sources */ = {
			isa = PBXSourcesBuildPhase;
			buildActionMask = 2147483647;
			files = (
				F50F91E42639010B00E76CE1 /* KadaiApp2Tests.m in Sources */,
			);
			runOnlyForDeploymentPostprocessing = 0;
		};
		F50F91E62639010B00E76CE1 /* Sources */ = {
			isa = PBXSourcesBuildPhase;
			buildActionMask = 2147483647;
			files = (
				F50F91EF2639010B00E76CE1 /* KadaiApp2UITests.m in Sources */,
			);
			runOnlyForDeploymentPostprocessing = 0;
		};
/* End PBXSourcesBuildPhase section */

/* Begin PBXTargetDependency section */
		F50F91E12639010B00E76CE1 /* PBXTargetDependency */ = {
			isa = PBXTargetDependency;
			target = F50F91C32639010900E76CE1 /* KadaiApp2 */;
			targetProxy = F50F91E02639010B00E76CE1 /* PBXContainerItemProxy */;
		};
		F50F91EC2639010B00E76CE1 /* PBXTargetDependency */ = {
			isa = PBXTargetDependency;
			target = F50F91C32639010900E76CE1 /* KadaiApp2 */;
			targetProxy = F50F91EB2639010B00E76CE1 /* PBXContainerItemProxy */;
		};
/* End PBXTargetDependency section */

/* Begin PBXVariantGroup section */
		F50F91D02639010900E76CE1 /* Main.storyboard */ = {
			isa = PBXVariantGroup;
			children = (
				F50F91D12639010900E76CE1 /* Base */,
			);
			name = Main.storyboard;
			sourceTree = "<group>";
		};
		F50F91D52639010B00E76CE1 /* LaunchScreen.storyboard */ = {
			isa = PBXVariantGroup;
			children = (
				F50F91D62639010B00E76CE1 /* Base */,
			);
			name = LaunchScreen.storyboard;
			sourceTree = "<group>";
		};
/* End PBXVariantGroup section */

/* Begin XCBuildConfiguration section */
		F50F91F12639010B00E76CE1 /* Debug */ = {
			isa = XCBuildConfiguration;
			buildSettings = {
				ALWAYS_SEARCH_USER_PATHS = NO;
				CLANG_ANALYZER_NONNULL = YES;
				CLANG_ANALYZER_NUMBER_OBJECT_CONVERSION = YES_AGGRESSIVE;
				CLANG_CXX_LANGUAGE_STANDARD = "gnu++14";
				CLANG_CXX_LIBRARY = "libc++";
				CLANG_ENABLE_MODULES = YES;
				CLANG_ENABLE_OBJC_ARC = YES;
				CLANG_ENABLE_OBJC_WEAK = YES;
				CLANG_WARN_BLOCK_CAPTURE_AUTORELEASING = YES;
				CLANG_WARN_BOOL_CONVERSION = YES;
				CLANG_WARN_COMMA = YES;
				CLANG_WARN_CONSTANT_CONVERSION = YES;
				CLANG_WARN_DEPRECATED_OBJC_IMPLEMENTATIONS = YES;
				CLANG_WARN_DIRECT_OBJC_ISA_USAGE = YES_ERROR;
				CLANG_WARN_DOCUMENTATION_COMMENTS = YES;
				CLANG_WARN_EMPTY_BODY = YES;
				CLANG_WARN_ENUM_CONVERSION = YES;
				CLANG_WARN_INFINITE_RECURSION = YES;
				CLANG_WARN_INT_CONVERSION = YES;
				CLANG_WARN_NON_LITERAL_NULL_CONVERSION = YES;
				CLANG_WARN_OBJC_IMPLICIT_RETAIN_SELF = YES;
				CLANG_WARN_OBJC_LITERAL_CONVERSION = YES;
				CLANG_WARN_OBJC_ROOT_CLASS = YES_ERROR;
				CLANG_WARN_QUOTED_INCLUDE_IN_FRAMEWORK_HEADER = YES;
				CLANG_WARN_RANGE_LOOP_ANALYSIS = YES;
				CLANG_WARN_STRICT_PROTOTYPES = YES;
				CLANG_WARN_SUSPICIOUS_MOVE = YES;
				CLANG_WARN_UNGUARDED_AVAILABILITY = YES_AGGRESSIVE;
				CLANG_WARN_UNREACHABLE_CODE = YES;
				CLANG_WARN__DUPLICATE_METHOD_MATCH = YES;
				COPY_PHASE_STRIP = NO;
				DEBUG_INFORMATION_FORMAT = dwarf;
				ENABLE_STRICT_OBJC_MSGSEND = YES;
				ENABLE_TESTABILITY = YES;
				GCC_C_LANGUAGE_STANDARD = gnu11;
				GCC_DYNAMIC_NO_PIC = NO;
				GCC_NO_COMMON_BLOCKS = YES;
				GCC_OPTIMIZATION_LEVEL = 0;
				GCC_PREPROCESSOR_DEFINITIONS = (
					"DEBUG=1",
					"$(inherited)",
				);
				GCC_WARN_64_TO_32_BIT_CONVERSION = YES;
				GCC_WARN_ABOUT_RETURN_TYPE = YES_ERROR;
				GCC_WARN_UNDECLARED_SELECTOR = YES;
				GCC_WARN_UNINITIALIZED_AUTOS = YES_AGGRESSIVE;
				GCC_WARN_UNUSED_FUNCTION = YES;
				GCC_WARN_UNUSED_VARIABLE = YES;
				IPHONEOS_DEPLOYMENT_TARGET = 14.4;
				MTL_ENABLE_DEBUG_INFO = INCLUDE_SOURCE;
				MTL_FAST_MATH = YES;
				ONLY_ACTIVE_ARCH = YES;
				SDKROOT = iphoneos;
			};
			name = Debug;
		};
		F50F91F22639010B00E76CE1 /* Release */ = {
			isa = XCBuildConfiguration;
			buildSettings = {
				ALWAYS_SEARCH_USER_PATHS = NO;
				CLANG_ANALYZER_NONNULL = YES;
				CLANG_ANALYZER_NUMBER_OBJECT_CONVERSION = YES_AGGRESSIVE;
				CLANG_CXX_LANGUAGE_STANDARD = "gnu++14";
				CLANG_CXX_LIBRARY = "libc++";
				CLANG_ENABLE_MODULES = YES;
				CLANG_ENABLE_OBJC_ARC = YES;
				CLANG_ENABLE_OBJC_WEAK = YES;
				CLANG_WARN_BLOCK_CAPTURE_AUTORELEASING = YES;
				CLANG_WARN_BOOL_CONVERSION = YES;
				CLANG_WARN_COMMA = YES;
				CLANG_WARN_CONSTANT_CONVERSION = YES;
				CLANG_WARN_DEPRECATED_OBJC_IMPLEMENTATIONS = YES;
				CLANG_WARN_DIRECT_OBJC_ISA_USAGE = YES_ERROR;
				CLANG_WARN_DOCUMENTATION_COMMENTS = YES;
				CLANG_WARN_EMPTY_BODY = YES;
				CLANG_WARN_ENUM_CONVERSION = YES;
				CLANG_WARN_INFINITE_RECURSION = YES;
				CLANG_WARN_INT_CONVERSION = YES;
				CLANG_WARN_NON_LITERAL_NULL_CONVERSION = YES;
				CLANG_WARN_OBJC_IMPLICIT_RETAIN_SELF = YES;
				CLANG_WARN_OBJC_LITERAL_CONVERSION = YES;
				CLANG_WARN_OBJC_ROOT_CLASS = YES_ERROR;
				CLANG_WARN_QUOTED_INCLUDE_IN_FRAMEWORK_HEADER = YES;
				CLANG_WARN_RANGE_LOOP_ANALYSIS = YES;
				CLANG_WARN_STRICT_PROTOTYPES = YES;
				CLANG_WARN_SUSPICIOUS_MOVE = YES;
				CLANG_WARN_UNGUARDED_AVAILABILITY = YES_AGGRESSIVE;
				CLANG_WARN_UNREACHABLE_CODE = YES;
				CLANG_WARN__DUPLICATE_METHOD_MATCH = YES;
				COPY_PHASE_STRIP = NO;
				DEBUG_INFORMATION_FORMAT = "dwarf-with-dsym";
				ENABLE_NS_ASSERTIONS = NO;
				ENABLE_STRICT_OBJC_MSGSEND = YES;
				GCC_C_LANGUAGE_STANDARD = gnu11;
				GCC_NO_COMMON_BLOCKS = YES;
				GCC_WARN_64_TO_32_BIT_CONVERSION = YES;
				GCC_WARN_ABOUT_RETURN_TYPE = YES_ERROR;
				GCC_WARN_UNDECLARED_SELECTOR = YES;
				GCC_WARN_UNINITIALIZED_AUTOS = YES_AGGRESSIVE;
				GCC_WARN_UNUSED_FUNCTION = YES;
				GCC_WARN_UNUSED_VARIABLE = YES;
				IPHONEOS_DEPLOYMENT_TARGET = 14.4;
				MTL_ENABLE_DEBUG_INFO = NO;
				MTL_FAST_MATH = YES;
				SDKROOT = iphoneos;
				VALIDATE_PRODUCT = YES;
			};
			name = Release;
		};
		F50F91F42639010B00E76CE1 /* Debug */ = {
			isa = XCBuildConfiguration;
			baseConfigurationReference = 7427BAB49587A84499674CFE /* Pods-KadaiApp2.debug.xcconfig */;
			buildSettings = {
				ALWAYS_SEARCH_USER_PATHS = NO;
				ASSETCATALOG_COMPILER_APPICON_NAME = AppIcon;
				ASSETCATALOG_COMPILER_GLOBAL_ACCENT_COLOR_NAME = AccentColor;
				CODE_SIGN_STYLE = Automatic;
				DEVELOPMENT_TEAM = 89XPZ7US27;
				"FRAMEWORK_SEARCH_PATHS[arch=*]" = (
					"$(inherited)",
					"\"${PODS_ROOT}/FluctSDK/FluctSDK.embeddedframework\"",
					"\"${PODS_XCFRAMEWORKS_BUILD_DIR}/FluctSDK\"",
				);
				HEADER_SEARCH_PATHS = "";
				INFOPLIST_FILE = KadaiApp2/Info.plist;
				LD_RUNPATH_SEARCH_PATHS = (
					"$(inherited)",
					"@executable_path/Frameworks",
				);
				ONLY_ACTIVE_ARCH = NO;
				PRODUCT_BUNDLE_IDENTIFIER = "junichi-kugizaki.KadaiApp2";
				PRODUCT_NAME = "$(TARGET_NAME)";
				SYSTEM_HEADER_SEARCH_PATHS = "";
				TARGETED_DEVICE_FAMILY = "1,2";
				USER_HEADER_SEARCH_PATHS = "";
			};
			name = Debug;
		};
		F50F91F52639010B00E76CE1 /* Release */ = {
			isa = XCBuildConfiguration;
			baseConfigurationReference = 903CBD423C7C1AFB6637E7F1 /* Pods-KadaiApp2.release.xcconfig */;
			buildSettings = {
				ALWAYS_SEARCH_USER_PATHS = NO;
				ASSETCATALOG_COMPILER_APPICON_NAME = AppIcon;
				ASSETCATALOG_COMPILER_GLOBAL_ACCENT_COLOR_NAME = AccentColor;
				CODE_SIGN_STYLE = Automatic;
				DEVELOPMENT_TEAM = 89XPZ7US27;
				HEADER_SEARCH_PATHS = "";
				INFOPLIST_FILE = KadaiApp2/Info.plist;
				LD_RUNPATH_SEARCH_PATHS = (
					"$(inherited)",
					"@executable_path/Frameworks",
				);
				PRODUCT_BUNDLE_IDENTIFIER = "junichi-kugizaki.KadaiApp2";
				PRODUCT_NAME = "$(TARGET_NAME)";
				SYSTEM_HEADER_SEARCH_PATHS = "";
				TARGETED_DEVICE_FAMILY = "1,2";
				USER_HEADER_SEARCH_PATHS = "";
			};
			name = Release;
		};
		F50F91F72639010B00E76CE1 /* Debug */ = {
			isa = XCBuildConfiguration;
			baseConfigurationReference = 9DC42CD93CBCF4D5F299C410 /* Pods-KadaiApp2Tests.debug.xcconfig */;
			buildSettings = {
				BUNDLE_LOADER = "$(TEST_HOST)";
				CODE_SIGN_STYLE = Automatic;
				DEVELOPMENT_TEAM = 89XPZ7US27;
				INFOPLIST_FILE = KadaiApp2Tests/Info.plist;
				IPHONEOS_DEPLOYMENT_TARGET = 14.4;
				LD_RUNPATH_SEARCH_PATHS = (
					"$(inherited)",
					"@executable_path/Frameworks",
					"@loader_path/Frameworks",
				);
				PRODUCT_BUNDLE_IDENTIFIER = "junichi-kugizaki.KadaiApp2Tests";
				PRODUCT_NAME = "$(TARGET_NAME)";
				TARGETED_DEVICE_FAMILY = "1,2";
				TEST_HOST = "$(BUILT_PRODUCTS_DIR)/KadaiApp2.app/KadaiApp2";
			};
			name = Debug;
		};
		F50F91F82639010B00E76CE1 /* Release */ = {
			isa = XCBuildConfiguration;
			baseConfigurationReference = 1AC0F6EA992DDF1F3F0EB8F5 /* Pods-KadaiApp2Tests.release.xcconfig */;
			buildSettings = {
				BUNDLE_LOADER = "$(TEST_HOST)";
				CODE_SIGN_STYLE = Automatic;
				DEVELOPMENT_TEAM = 89XPZ7US27;
				INFOPLIST_FILE = KadaiApp2Tests/Info.plist;
				IPHONEOS_DEPLOYMENT_TARGET = 14.4;
				LD_RUNPATH_SEARCH_PATHS = (
					"$(inherited)",
					"@executable_path/Frameworks",
					"@loader_path/Frameworks",
				);
				PRODUCT_BUNDLE_IDENTIFIER = "junichi-kugizaki.KadaiApp2Tests";
				PRODUCT_NAME = "$(TARGET_NAME)";
				TARGETED_DEVICE_FAMILY = "1,2";
				TEST_HOST = "$(BUILT_PRODUCTS_DIR)/KadaiApp2.app/KadaiApp2";
			};
			name = Release;
		};
		F50F91FA2639010B00E76CE1 /* Debug */ = {
			isa = XCBuildConfiguration;
			baseConfigurationReference = 078ECB48E19DED0EA8F97F92 /* Pods-KadaiApp2-KadaiApp2UITests.debug.xcconfig */;
			buildSettings = {
				CODE_SIGN_STYLE = Automatic;
				DEVELOPMENT_TEAM = 89XPZ7US27;
				INFOPLIST_FILE = KadaiApp2UITests/Info.plist;
				LD_RUNPATH_SEARCH_PATHS = (
					"$(inherited)",
					"@executable_path/Frameworks",
					"@loader_path/Frameworks",
				);
				PRODUCT_BUNDLE_IDENTIFIER = "junichi-kugizaki.KadaiApp2UITests";
				PRODUCT_NAME = "$(TARGET_NAME)";
				TARGETED_DEVICE_FAMILY = "1,2";
				TEST_TARGET_NAME = KadaiApp2;
			};
			name = Debug;
		};
		F50F91FB2639010B00E76CE1 /* Release */ = {
			isa = XCBuildConfiguration;
			baseConfigurationReference = 4F0E4421DFBA9A9CF8228823 /* Pods-KadaiApp2-KadaiApp2UITests.release.xcconfig */;
			buildSettings = {
				CODE_SIGN_STYLE = Automatic;
				DEVELOPMENT_TEAM = 89XPZ7US27;
				INFOPLIST_FILE = KadaiApp2UITests/Info.plist;
				LD_RUNPATH_SEARCH_PATHS = (
					"$(inherited)",
					"@executable_path/Frameworks",
					"@loader_path/Frameworks",
				);
				PRODUCT_BUNDLE_IDENTIFIER = "junichi-kugizaki.KadaiApp2UITests";
				PRODUCT_NAME = "$(TARGET_NAME)";
				TARGETED_DEVICE_FAMILY = "1,2";
				TEST_TARGET_NAME = KadaiApp2;
			};
			name = Release;
		};
/* End XCBuildConfiguration section */

/* Begin XCConfigurationList section */
		F50F91BF2639010900E76CE1 /* Build configuration list for PBXProject "KadaiApp2" */ = {
			isa = XCConfigurationList;
			buildConfigurations = (
				F50F91F12639010B00E76CE1 /* Debug */,
				F50F91F22639010B00E76CE1 /* Release */,
			);
			defaultConfigurationIsVisible = 0;
			defaultConfigurationName = Release;
		};
		F50F91F32639010B00E76CE1 /* Build configuration list for PBXNativeTarget "KadaiApp2" */ = {
			isa = XCConfigurationList;
			buildConfigurations = (
				F50F91F42639010B00E76CE1 /* Debug */,
				F50F91F52639010B00E76CE1 /* Release */,
			);
			defaultConfigurationIsVisible = 0;
			defaultConfigurationName = Release;
		};
		F50F91F62639010B00E76CE1 /* Build configuration list for PBXNativeTarget "KadaiApp2Tests" */ = {
			isa = XCConfigurationList;
			buildConfigurations = (
				F50F91F72639010B00E76CE1 /* Debug */,
				F50F91F82639010B00E76CE1 /* Release */,
			);
			defaultConfigurationIsVisible = 0;
			defaultConfigurationName = Release;
		};
		F50F91F92639010B00E76CE1 /* Build configuration list for PBXNativeTarget "KadaiApp2UITests" */ = {
			isa = XCConfigurationList;
			buildConfigurations = (
				F50F91FA2639010B00E76CE1 /* Debug */,
				F50F91FB2639010B00E76CE1 /* Release */,
			);
			defaultConfigurationIsVisible = 0;
			defaultConfigurationName = Release;
		};
/* End XCConfigurationList section */
	};
	rootObject = F50F91BC2639010900E76CE1 /* Project object */;
}
