// !$*UTF8*$!
{
	archiveVersion = 1;
	classes = {
	};
	objectVersion = 50;
	objects = {

/* Begin PBXBuildFile section */
		F50F91C92639010900E76CE1 /* AppDelegate.m in Sources */ = {isa = PBXBuildFile; fileRef = F50F91C82639010900E76CE1 /* AppDelegate.m */; };
		F50F91CC2639010900E76CE1 /* SceneDelegate.m in Sources */ = {isa = PBXBuildFile; fileRef = F50F91CB2639010900E76CE1 /* SceneDelegate.m */; };
		F50F91CF2639010900E76CE1 /* ViewController.m in Sources */ = {isa = PBXBuildFile; fileRef = F50F91CE2639010900E76CE1 /* ViewController.m */; };
		F50F91D22639010900E76CE1 /* Main.storyboard in Resources */ = {isa = PBXBuildFile; fileRef = F50F91D02639010900E76CE1 /* Main.storyboard */; };
		F50F91D42639010B00E76CE1 /* Assets.xcassets in Resources */ = {isa = PBXBuildFile; fileRef = F50F91D32639010B00E76CE1 /* Assets.xcassets */; };
		F50F91D72639010B00E76CE1 /* LaunchScreen.storyboard in Resources */ = {isa = PBXBuildFile; fileRef = F50F91D52639010B00E76CE1 /* LaunchScreen.storyboard */; };
		F50F91DA2639010B00E76CE1 /* main.m in Sources */ = {isa = PBXBuildFile; fileRef = F50F91D92639010B00E76CE1 /* main.m */; };
		F50F91E42639010B00E76CE1 /* KadaiApp2Tests.m in Sources */ = {isa = PBXBuildFile; fileRef = F50F91E32639010B00E76CE1 /* KadaiApp2Tests.m */; };
		F50F91EF2639010B00E76CE1 /* KadaiApp2UITests.m in Sources */ = {isa = PBXBuildFile; fileRef = F50F91EE2639010B00E76CE1 /* KadaiApp2UITests.m */; };
/* End PBXBuildFile section */

/* Begin PBXContainerItemProxy section */
		F50F91E02639010B00E76CE1 /* PBXContainerItemProxy */ = {
			isa = PBXContainerItemProxy;
			containerPortal = F50F91BC2639010900E76CE1 /* Project object */;
			proxyType = 1;
			remoteGlobalIDString = F50F91C32639010900E76CE1;
			remoteInfo = KadaiApp2;
		};
		F50F91EB2639010B00E76CE1 /* PBXContainerItemProxy */ = {
			isa = PBXContainerItemProxy;
			containerPortal = F50F91BC2639010900E76CE1 /* Project object */;
			proxyType = 1;
			remoteGlobalIDString = F50F91C32639010900E76CE1;
			remoteInfo = KadaiApp2;
		};
/* End PBXContainerItemProxy section */

/* Begin PBXFileReference section */
		F50F91C42639010900E76CE1 /* KadaiApp2.app */ = {isa = PBXFileReference; explicitFileType = wrapper.application; includeInIndex = 0; path = KadaiApp2.app; sourceTree = BUILT_PRODUCTS_DIR; };
		F50F91C72639010900E76CE1 /* AppDelegate.h */ = {isa = PBXFileReference; lastKnownFileType = sourcecode.c.h; path = AppDelegate.h; sourceTree = "<group>"; };
		F50F91C82639010900E76CE1 /* AppDelegate.m */ = {isa = PBXFileReference; lastKnownFileType = sourcecode.c.objc; path = AppDelegate.m; sourceTree = "<group>"; };
		F50F91CA2639010900E76CE1 /* SceneDelegate.h */ = {isa = PBXFileReference; lastKnownFileType = sourcecode.c.h; path = SceneDelegate.h; sourceTree = "<group>"; };
		F50F91CB2639010900E76CE1 /* SceneDelegate.m */ = {isa = PBXFileReference; lastKnownFileType = sourcecode.c.objc; path = SceneDelegate.m; sourceTree = "<group>"; };
		F50F91CD2639010900E76CE1 /* ViewController.h */ = {isa = PBXFileReference; lastKnownFileType = sourcecode.c.h; path = ViewController.h; sourceTree = "<group>"; };
		F50F91CE2639010900E76CE1 /* ViewController.m */ = {isa = PBXFileReference; lastKnownFileType = sourcecode.c.objc; path = ViewController.m; sourceTree = "<group>"; };
		F50F91D12639010900E76CE1 /* Base */ = {isa = PBXFileReference; lastKnownFileType = file.storyboard; name = Base; path = Base.lproj/Main.storyboard; sourceTree = "<group>"; };
		F50F91D32639010B00E76CE1 /* Assets.xcassets */ = {isa = PBXFileReference; lastKnownFileType = folder.assetcatalog; path = Assets.xcassets; sourceTree = "<group>"; };
		F50F91D62639010B00E76CE1 /* Base */ = {isa = PBXFileReference; lastKnownFileType = file.storyboard; name = Base; path = Base.lproj/LaunchScreen.storyboard; sourceTree = "<group>"; };
		F50F91D82639010B00E76CE1 /* Info.plist */ = {isa = PBXFileReference; lastKnownFileType = text.plist.xml; path = Info.plist; sourceTree = "<group>"; };
		F50F91D92639010B00E76CE1 /* main.m */ = {isa = PBXFileReference; lastKnownFileType = sourcecode.c.objc; path = main.m; sourceTree = "<group>"; };
		F50F91DF2639010B00E76CE1 /* KadaiApp2Tests.xctest */ = {isa = PBXFileReference; explicitFileType = wrapper.cfbundle; includeInIndex = 0; path = KadaiApp2Tests.xctest; sourceTree = BUILT_PRODUCTS_DIR; };
		F50F91E32639010B00E76CE1 /* KadaiApp2Tests.m */ = {isa = PBXFileReference; lastKnownFileType = sourcecode.c.objc; path = KadaiApp2Tests.m; sourceTree = "<group>"; };
		F50F91E52639010B00E76CE1 /* Info.plist */ = {isa = PBXFileReference; lastKnownFileType = text.plist.xml; path = Info.plist; sourceTree = "<group>"; };
		F50F91EA2639010B00E76CE1 /* KadaiApp2UITests.xctest */ = {isa = PBXFileReference; explicitFileType = wrapper.cfbundle; includeInIndex = 0; path = KadaiApp2UITests.xctest; sourceTree = BUILT_PRODUCTS_DIR; };
		F50F91EE2639010B00E76CE1 /* KadaiApp2UITests.m */ = {isa = PBXFileReference; lastKnownFileType = sourcecode.c.objc; path = KadaiApp2UITests.m; sourceTree = "<group>"; };
		F50F91F02639010B00E76CE1 /* Info.plist */ = {isa = PBXFileReference; lastKnownFileType = text.plist.xml; path = Info.plist; sourceTree = "<group>"; };
/* End PBXFileReference section */

/* Begin PBXFrameworksBuildPhase section */
		F50F91C12639010900E76CE1 /* Frameworks */ = {
			isa = PBXFrameworksBuildPhase;
			buildActionMask = 2147483647;
			files = (
			);
			runOnlyForDeploymentPostprocessing = 0;
		};
		F50F91DC2639010B00E76CE1 /* Frameworks */ = {
			isa = PBXFrameworksBuildPhase;
			buildActionMask = 2147483647;
			files = (
			);
			runOnlyForDeploymentPostprocessing = 0;
		};
		F50F91E72639010B00E76CE1 /* Frameworks */ = {
			isa = PBXFrameworksBuildPhase;
			buildActionMask = 2147483647;
			files = (
			);
			runOnlyForDeploymentPostprocessing = 0;
		};
/* End PBXFrameworksBuildPhase section */

/* Begin PBXGroup section */
		F50F91BB2639010900E76CE1 = {
			isa = PBXGroup;
			children = (
				F50F91C62639010900E76CE1 /* KadaiApp2 */,
				F50F91E22639010B00E76CE1 /* KadaiApp2Tests */,
				F50F91ED2639010B00E76CE1 /* KadaiApp2UITests */,
				F50F91C52639010900E76CE1 /* Products */,
			);
			sourceTree = "<group>";
		};
		F50F91C52639010900E76CE1 /* Products */ = {
			isa = PBXGroup;
			children = (
				F50F91C42639010900E76CE1 /* KadaiApp2.app */,
				F50F91DF2639010B00E76CE1 /* KadaiApp2Tests.xctest */,
				F50F91EA2639010B00E76CE1 /* KadaiApp2UITests.xctest */,
			);
			name = Products;
			sourceTree = "<group>";
		};
		F50F91C62639010900E76CE1 /* KadaiApp2 */ = {
			isa = PBXGroup;
			children = (
				F50F91C72639010900E76CE1 /* AppDelegate.h */,
				F50F91C82639010900E76CE1 /* AppDelegate.m */,
				F50F91CA2639010900E76CE1 /* SceneDelegate.h */,
				F50F91CB2639010900E76CE1 /* SceneDelegate.m */,
				F50F91CD2639010900E76CE1 /* ViewController.h */,
				F50F91CE2639010900E76CE1 /* ViewController.m */,
				F50F91D02639010900E76CE1 /* Main.storyboard */,
				F50F91D32639010B00E76CE1 /* Assets.xcassets */,
				F50F91D52639010B00E76CE1 /* LaunchScreen.storyboard */,
				F50F91D82639010B00E76CE1 /* Info.plist */,
				F50F91D92639010B00E76CE1 /* main.m */,
			);
			path = KadaiApp2;
			sourceTree = "<group>";
		};
		F50F91E22639010B00E76CE1 /* KadaiApp2Tests */ = {
			isa = PBXGroup;
			children = (
				F50F91E32639010B00E76CE1 /* KadaiApp2Tests.m */,
				F50F91E52639010B00E76CE1 /* Info.plist */,
			);
			path = KadaiApp2Tests;
			sourceTree = "<group>";
		};
		F50F91ED2639010B00E76CE1 /* KadaiApp2UITests */ = {
			isa = PBXGroup;
			children = (
				F50F91EE2639010B00E76CE1 /* KadaiApp2UITests.m */,
				F50F91F02639010B00E76CE1 /* Info.plist */,
			);
			path = KadaiApp2UITests;
			sourceTree = "<group>";
		};
/* End PBXGroup section */

/* Begin PBXNativeTarget section */
		F50F91C32639010900E76CE1 /* KadaiApp2 */ = {
			isa = PBXNativeTarget;
			buildConfigurationList = F50F91F32639010B00E76CE1 /* Build configuration list for PBXNativeTarget "KadaiApp2" */;
			buildPhases = (
				F50F91C02639010900E76CE1 /* Sources */,
				F50F91C12639010900E76CE1 /* Frameworks */,
				F50F91C22639010900E76CE1 /* Resources */,
			);
			buildRules = (
			);
			dependencies = (
			);
			name = KadaiApp2;
			productName = KadaiApp2;
			productReference = F50F91C42639010900E76CE1 /* KadaiApp2.app */;
			productType = "com.apple.product-type.application";
		};
		F50F91DE2639010B00E76CE1 /* KadaiApp2Tests */ = {
			isa = PBXNativeTarget;
			buildConfigurationList = F50F91F62639010B00E76CE1 /* Build configuration list for PBXNativeTarget "KadaiApp2Tests" */;
			buildPhases = (
				F50F91DB2639010B00E76CE1 /* Sources */,
				F50F91DC2639010B00E76CE1 /* Frameworks */,
				F50F91DD2639010B00E76CE1 /* Resources */,
			);
			buildRules = (
			);
			dependencies = (
				F50F91E12639010B00E76CE1 /* PBXTargetDependency */,
			);
			name = KadaiApp2Tests;
			productName = KadaiApp2Tests;
			productReference = F50F91DF2639010B00E76CE1 /* KadaiApp2Tests.xctest */;
			productType = "com.apple.product-type.bundle.unit-test";
		};
		F50F91E92639010B00E76CE1 /* KadaiApp2UITests */ = {
			isa = PBXNativeTarget;
			buildConfigurationList = F50F91F92639010B00E76CE1 /* Build configuration list for PBXNativeTarget "KadaiApp2UITests" */;
			buildPhases = (
				F50F91E62639010B00E76CE1 /* Sources */,
				F50F91E72639010B00E76CE1 /* Frameworks */,
				F50F91E82639010B00E76CE1 /* Resources */,
			);
			buildRules = (
			);
			dependencies = (
				F50F91EC2639010B00E76CE1 /* PBXTargetDependency */,
			);
			name = KadaiApp2UITests;
			productName = KadaiApp2UITests;
			productReference = F50F91EA2639010B00E76CE1 /* KadaiApp2UITests.xctest */;
			productType = "com.apple.product-type.bundle.ui-testing";
		};
/* End PBXNativeTarget section */

/* Begin PBXProject section */
		F50F91BC2639010900E76CE1 /* Project object */ = {
			isa = PBXProject;
			attributes = {
				LastUpgradeCheck = 1240;
				TargetAttributes = {
					F50F91C32639010900E76CE1 = {
						CreatedOnToolsVersion = 12.4;
					};
					F50F91DE2639010B00E76CE1 = {
						CreatedOnToolsVersion = 12.4;
						TestTargetID = F50F91C32639010900E76CE1;
					};
					F50F91E92639010B00E76CE1 = {
						CreatedOnToolsVersion = 12.4;
						TestTargetID = F50F91C32639010900E76CE1;
					};
				};
			};
			buildConfigurationList = F50F91BF2639010900E76CE1 /* Build configuration list for PBXProject "KadaiApp2" */;
			compatibilityVersion = "Xcode 9.3";
			developmentRegion = en;
			hasScannedForEncodings = 0;
			knownRegions = (
				en,
				Base,
			);
			mainGroup = F50F91BB2639010900E76CE1;
			productRefGroup = F50F91C52639010900E76CE1 /* Products */;
			projectDirPath = "";
			projectRoot = "";
			targets = (
				F50F91C32639010900E76CE1 /* KadaiApp2 */,
				F50F91DE2639010B00E76CE1 /* KadaiApp2Tests */,
				F50F91E92639010B00E76CE1 /* KadaiApp2UITests */,
			);
		};
/* End PBXProject section */

/* Begin PBXResourcesBuildPhase section */
		F50F91C22639010900E76CE1 /* Resources */ = {
			isa = PBXResourcesBuildPhase;
			buildActionMask = 2147483647;
			files = (
				F50F91D72639010B00E76CE1 /* LaunchScreen.storyboard in Resources */,
				F50F91D42639010B00E76CE1 /* Assets.xcassets in Resources */,
				F50F91D22639010900E76CE1 /* Main.storyboard in Resources */,
			);
			runOnlyForDeploymentPostprocessing = 0;
		};
		F50F91DD2639010B00E76CE1 /* Resources */ = {
			isa = PBXResourcesBuildPhase;
			buildActionMask = 2147483647;
			files = (
			);
			runOnlyForDeploymentPostprocessing = 0;
		};
		F50F91E82639010B00E76CE1 /* Resources */ = {
			isa = PBXResourcesBuildPhase;
			buildActionMask = 2147483647;
			files = (
			);
			runOnlyForDeploymentPostprocessing = 0;
		};
/* End PBXResourcesBuildPhase section */

/* Begin PBXSourcesBuildPhase section */
		F50F91C02639010900E76CE1 /* Sources */ = {
			isa = PBXSourcesBuildPhase;
			buildActionMask = 2147483647;
			files = (
				F50F91CF2639010900E76CE1 /* ViewController.m in Sources */,
				F50F91C92639010900E76CE1 /* AppDelegate.m in Sources */,
				F50F91DA2639010B00E76CE1 /* main.m in Sources */,
				F50F91CC2639010900E76CE1 /* SceneDelegate.m in Sources */,
			);
			runOnlyForDeploymentPostprocessing = 0;
		};
		F50F91DB2639010B00E76CE1 /* Sources */ = {
			isa = PBXSourcesBuildPhase;
			buildActionMask = 2147483647;
			files = (
				F50F91E42639010B00E76CE1 /* KadaiApp2Tests.m in Sources */,
			);
			runOnlyForDeploymentPostprocessing = 0;
		};
		F50F91E62639010B00E76CE1 /* Sources */ = {
			isa = PBXSourcesBuildPhase;
			buildActionMask = 2147483647;
			files = (
				F50F91EF2639010B00E76CE1 /* KadaiApp2UITests.m in Sources */,
			);
			runOnlyForDeploymentPostprocessing = 0;
		};
/* End PBXSourcesBuildPhase section */

/* Begin PBXTargetDependency section */
		F50F91E12639010B00E76CE1 /* PBXTargetDependency */ = {
			isa = PBXTargetDependency;
			target = F50F91C32639010900E76CE1 /* KadaiApp2 */;
			targetProxy = F50F91E02639010B00E76CE1 /* PBXContainerItemProxy */;
		};
		F50F91EC2639010B00E76CE1 /* PBXTargetDependency */ = {
			isa = PBXTargetDependency;
			target = F50F91C32639010900E76CE1 /* KadaiApp2 */;
			targetProxy = F50F91EB2639010B00E76CE1 /* PBXContainerItemProxy */;
		};
/* End PBXTargetDependency section */

/* Begin PBXVariantGroup section */
		F50F91D02639010900E76CE1 /* Main.storyboard */ = {
			isa = PBXVariantGroup;
			children = (
				F50F91D12639010900E76CE1 /* Base */,
			);
			name = Main.storyboard;
			sourceTree = "<group>";
		};
		F50F91D52639010B00E76CE1 /* LaunchScreen.storyboard */ = {
			isa = PBXVariantGroup;
			children = (
				F50F91D62639010B00E76CE1 /* Base */,
			);
			name = LaunchScreen.storyboard;
			sourceTree = "<group>";
		};
/* End PBXVariantGroup section */

/* Begin XCBuildConfiguration section */
		F50F91F12639010B00E76CE1 /* Debug */ = {
			isa = XCBuildConfiguration;
			buildSettings = {
				ALWAYS_SEARCH_USER_PATHS = NO;
				CLANG_ANALYZER_NONNULL = YES;
				CLANG_ANALYZER_NUMBER_OBJECT_CONVERSION = YES_AGGRESSIVE;
				CLANG_CXX_LANGUAGE_STANDARD = "gnu++14";
				CLANG_CXX_LIBRARY = "libc++";
				CLANG_ENABLE_MODULES = YES;
				CLANG_ENABLE_OBJC_ARC = YES;
				CLANG_ENABLE_OBJC_WEAK = YES;
				CLANG_WARN_BLOCK_CAPTURE_AUTORELEASING = YES;
				CLANG_WARN_BOOL_CONVERSION = YES;
				CLANG_WARN_COMMA = YES;
				CLANG_WARN_CONSTANT_CONVERSION = YES;
				CLANG_WARN_DEPRECATED_OBJC_IMPLEMENTATIONS = YES;
				CLANG_WARN_DIRECT_OBJC_ISA_USAGE = YES_ERROR;
				CLANG_WARN_DOCUMENTATION_COMMENTS = YES;
				CLANG_WARN_EMPTY_BODY = YES;
				CLANG_WARN_ENUM_CONVERSION = YES;
				CLANG_WARN_INFINITE_RECURSION = YES;
				CLANG_WARN_INT_CONVERSION = YES;
				CLANG_WARN_NON_LITERAL_NULL_CONVERSION = YES;
				CLANG_WARN_OBJC_IMPLICIT_RETAIN_SELF = YES;
				CLANG_WARN_OBJC_LITERAL_CONVERSION = YES;
				CLANG_WARN_OBJC_ROOT_CLASS = YES_ERROR;
				CLANG_WARN_QUOTED_INCLUDE_IN_FRAMEWORK_HEADER = YES;
				CLANG_WARN_RANGE_LOOP_ANALYSIS = YES;
				CLANG_WARN_STRICT_PROTOTYPES = YES;
				CLANG_WARN_SUSPICIOUS_MOVE = YES;
				CLANG_WARN_UNGUARDED_AVAILABILITY = YES_AGGRESSIVE;
				CLANG_WARN_UNREACHABLE_CODE = YES;
				CLANG_WARN__DUPLICATE_METHOD_MATCH = YES;
				COPY_PHASE_STRIP = NO;
				DEBUG_INFORMATION_FORMAT = dwarf;
				ENABLE_STRICT_OBJC_MSGSEND = YES;
				ENABLE_TESTABILITY = YES;
				GCC_C_LANGUAGE_STANDARD = gnu11;
				GCC_DYNAMIC_NO_PIC = NO;
				GCC_NO_COMMON_BLOCKS = YES;
				GCC_OPTIMIZATION_LEVEL = 0;
				GCC_PREPROCESSOR_DEFINITIONS = (
					"DEBUG=1",
					"$(inherited)",
				);
				GCC_WARN_64_TO_32_BIT_CONVERSION = YES;
				GCC_WARN_ABOUT_RETURN_TYPE = YES_ERROR;
				GCC_WARN_UNDECLARED_SELECTOR = YES;
				GCC_WARN_UNINITIALIZED_AUTOS = YES_AGGRESSIVE;
				GCC_WARN_UNUSED_FUNCTION = YES;
				GCC_WARN_UNUSED_VARIABLE = YES;
				IPHONEOS_DEPLOYMENT_TARGET = 14.4;
				MTL_ENABLE_DEBUG_INFO = INCLUDE_SOURCE;
				MTL_FAST_MATH = YES;
				ONLY_ACTIVE_ARCH = YES;
				SDKROOT = iphoneos;
			};
			name = Debug;
		};
		F50F91F22639010B00E76CE1 /* Release */ = {
			isa = XCBuildConfiguration;
			buildSettings = {
				ALWAYS_SEARCH_USER_PATHS = NO;
				CLANG_ANALYZER_NONNULL = YES;
				CLANG_ANALYZER_NUMBER_OBJECT_CONVERSION = YES_AGGRESSIVE;
				CLANG_CXX_LANGUAGE_STANDARD = "gnu++14";
				CLANG_CXX_LIBRARY = "libc++";
				CLANG_ENABLE_MODULES = YES;
				CLANG_ENABLE_OBJC_ARC = YES;
				CLANG_ENABLE_OBJC_WEAK = YES;
				CLANG_WARN_BLOCK_CAPTURE_AUTORELEASING = YES;
				CLANG_WARN_BOOL_CONVERSION = YES;
				CLANG_WARN_COMMA = YES;
				CLANG_WARN_CONSTANT_CONVERSION = YES;
				CLANG_WARN_DEPRECATED_OBJC_IMPLEMENTATIONS = YES;
				CLANG_WARN_DIRECT_OBJC_ISA_USAGE = YES_ERROR;
				CLANG_WARN_DOCUMENTATION_COMMENTS = YES;
				CLANG_WARN_EMPTY_BODY = YES;
				CLANG_WARN_ENUM_CONVERSION = YES;
				CLANG_WARN_INFINITE_RECURSION = YES;
				CLANG_WARN_INT_CONVERSION = YES;
				CLANG_WARN_NON_LITERAL_NULL_CONVERSION = YES;
				CLANG_WARN_OBJC_IMPLICIT_RETAIN_SELF = YES;
				CLANG_WARN_OBJC_LITERAL_CONVERSION = YES;
				CLANG_WARN_OBJC_ROOT_CLASS = YES_ERROR;
				CLANG_WARN_QUOTED_INCLUDE_IN_FRAMEWORK_HEADER = YES;
				CLANG_WARN_RANGE_LOOP_ANALYSIS = YES;
				CLANG_WARN_STRICT_PROTOTYPES = YES;
				CLANG_WARN_SUSPICIOUS_MOVE = YES;
				CLANG_WARN_UNGUARDED_AVAILABILITY = YES_AGGRESSIVE;
				CLANG_WARN_UNREACHABLE_CODE = YES;
				CLANG_WARN__DUPLICATE_METHOD_MATCH = YES;
				COPY_PHASE_STRIP = NO;
				DEBUG_INFORMATION_FORMAT = "dwarf-with-dsym";
				ENABLE_NS_ASSERTIONS = NO;
				ENABLE_STRICT_OBJC_MSGSEND = YES;
				GCC_C_LANGUAGE_STANDARD = gnu11;
				GCC_NO_COMMON_BLOCKS = YES;
				GCC_WARN_64_TO_32_BIT_CONVERSION = YES;
				GCC_WARN_ABOUT_RETURN_TYPE = YES_ERROR;
				GCC_WARN_UNDECLARED_SELECTOR = YES;
				GCC_WARN_UNINITIALIZED_AUTOS = YES_AGGRESSIVE;
				GCC_WARN_UNUSED_FUNCTION = YES;
				GCC_WARN_UNUSED_VARIABLE = YES;
				IPHONEOS_DEPLOYMENT_TARGET = 14.4;
				MTL_ENABLE_DEBUG_INFO = NO;
				MTL_FAST_MATH = YES;
				SDKROOT = iphoneos;
				VALIDATE_PRODUCT = YES;
			};
			name = Release;
		};
		F50F91F42639010B00E76CE1 /* Debug */ = {
			isa = XCBuildConfiguration;
			buildSettings = {
				ASSETCATALOG_COMPILER_APPICON_NAME = AppIcon;
				ASSETCATALOG_COMPILER_GLOBAL_ACCENT_COLOR_NAME = AccentColor;
				CODE_SIGN_STYLE = Automatic;
				DEVELOPMENT_TEAM = 89XPZ7US27;
				INFOPLIST_FILE = KadaiApp2/Info.plist;
				LD_RUNPATH_SEARCH_PATHS = (
					"$(inherited)",
					"@executable_path/Frameworks",
				);
				PRODUCT_BUNDLE_IDENTIFIER = "junichi-kugizaki.KadaiApp2";
				PRODUCT_NAME = "$(TARGET_NAME)";
				TARGETED_DEVICE_FAMILY = "1,2";
			};
			name = Debug;
		};
		F50F91F52639010B00E76CE1 /* Release */ = {
			isa = XCBuildConfiguration;
			buildSettings = {
				ASSETCATALOG_COMPILER_APPICON_NAME = AppIcon;
				ASSETCATALOG_COMPILER_GLOBAL_ACCENT_COLOR_NAME = AccentColor;
				CODE_SIGN_STYLE = Automatic;
				DEVELOPMENT_TEAM = 89XPZ7US27;
				INFOPLIST_FILE = KadaiApp2/Info.plist;
				LD_RUNPATH_SEARCH_PATHS = (
					"$(inherited)",
					"@executable_path/Frameworks",
				);
				PRODUCT_BUNDLE_IDENTIFIER = "junichi-kugizaki.KadaiApp2";
				PRODUCT_NAME = "$(TARGET_NAME)";
				TARGETED_DEVICE_FAMILY = "1,2";
			};
			name = Release;
		};
		F50F91F72639010B00E76CE1 /* Debug */ = {
			isa = XCBuildConfiguration;
			buildSettings = {
				BUNDLE_LOADER = "$(TEST_HOST)";
				CODE_SIGN_STYLE = Automatic;
				DEVELOPMENT_TEAM = 89XPZ7US27;
				INFOPLIST_FILE = KadaiApp2Tests/Info.plist;
				IPHONEOS_DEPLOYMENT_TARGET = 14.4;
				LD_RUNPATH_SEARCH_PATHS = (
					"$(inherited)",
					"@executable_path/Frameworks",
					"@loader_path/Frameworks",
				);
				PRODUCT_BUNDLE_IDENTIFIER = "junichi-kugizaki.KadaiApp2Tests";
				PRODUCT_NAME = "$(TARGET_NAME)";
				TARGETED_DEVICE_FAMILY = "1,2";
				TEST_HOST = "$(BUILT_PRODUCTS_DIR)/KadaiApp2.app/KadaiApp2";
			};
			name = Debug;
		};
		F50F91F82639010B00E76CE1 /* Release */ = {
			isa = XCBuildConfiguration;
			buildSettings = {
				BUNDLE_LOADER = "$(TEST_HOST)";
				CODE_SIGN_STYLE = Automatic;
				DEVELOPMENT_TEAM = 89XPZ7US27;
				INFOPLIST_FILE = KadaiApp2Tests/Info.plist;
				IPHONEOS_DEPLOYMENT_TARGET = 14.4;
				LD_RUNPATH_SEARCH_PATHS = (
					"$(inherited)",
					"@executable_path/Frameworks",
					"@loader_path/Frameworks",
				);
				PRODUCT_BUNDLE_IDENTIFIER = "junichi-kugizaki.KadaiApp2Tests";
				PRODUCT_NAME = "$(TARGET_NAME)";
				TARGETED_DEVICE_FAMILY = "1,2";
				TEST_HOST = "$(BUILT_PRODUCTS_DIR)/KadaiApp2.app/KadaiApp2";
			};
			name = Release;
		};
		F50F91FA2639010B00E76CE1 /* Debug */ = {
			isa = XCBuildConfiguration;
			buildSettings = {
				CODE_SIGN_STYLE = Automatic;
				DEVELOPMENT_TEAM = 89XPZ7US27;
				INFOPLIST_FILE = KadaiApp2UITests/Info.plist;
				LD_RUNPATH_SEARCH_PATHS = (
					"$(inherited)",
					"@executable_path/Frameworks",
					"@loader_path/Frameworks",
				);
				PRODUCT_BUNDLE_IDENTIFIER = "junichi-kugizaki.KadaiApp2UITests";
				PRODUCT_NAME = "$(TARGET_NAME)";
				TARGETED_DEVICE_FAMILY = "1,2";
				TEST_TARGET_NAME = KadaiApp2;
			};
			name = Debug;
		};
		F50F91FB2639010B00E76CE1 /* Release */ = {
			isa = XCBuildConfiguration;
			buildSettings = {
				CODE_SIGN_STYLE = Automatic;
				DEVELOPMENT_TEAM = 89XPZ7US27;
				INFOPLIST_FILE = KadaiApp2UITests/Info.plist;
				LD_RUNPATH_SEARCH_PATHS = (
					"$(inherited)",
					"@executable_path/Frameworks",
					"@loader_path/Frameworks",
				);
				PRODUCT_BUNDLE_IDENTIFIER = "junichi-kugizaki.KadaiApp2UITests";
				PRODUCT_NAME = "$(TARGET_NAME)";
				TARGETED_DEVICE_FAMILY = "1,2";
				TEST_TARGET_NAME = KadaiApp2;
			};
			name = Release;
		};
/* End XCBuildConfiguration section */

/* Begin XCConfigurationList section */
		F50F91BF2639010900E76CE1 /* Build configuration list for PBXProject "KadaiApp2" */ = {
			isa = XCConfigurationList;
			buildConfigurations = (
				F50F91F12639010B00E76CE1 /* Debug */,
				F50F91F22639010B00E76CE1 /* Release */,
			);
			defaultConfigurationIsVisible = 0;
			defaultConfigurationName = Release;
		};
		F50F91F32639010B00E76CE1 /* Build configuration list for PBXNativeTarget "KadaiApp2" */ = {
			isa = XCConfigurationList;
			buildConfigurations = (
				F50F91F42639010B00E76CE1 /* Debug */,
				F50F91F52639010B00E76CE1 /* Release */,
			);
			defaultConfigurationIsVisible = 0;
			defaultConfigurationName = Release;
		};
		F50F91F62639010B00E76CE1 /* Build configuration list for PBXNativeTarget "KadaiApp2Tests" */ = {
			isa = XCConfigurationList;
			buildConfigurations = (
				F50F91F72639010B00E76CE1 /* Debug */,
				F50F91F82639010B00E76CE1 /* Release */,
			);
			defaultConfigurationIsVisible = 0;
			defaultConfigurationName = Release;
		};
		F50F91F92639010B00E76CE1 /* Build configuration list for PBXNativeTarget "KadaiApp2UITests" */ = {
			isa = XCConfigurationList;
			buildConfigurations = (
				F50F91FA2639010B00E76CE1 /* Debug */,
				F50F91FB2639010B00E76CE1 /* Release */,
			);
			defaultConfigurationIsVisible = 0;
			defaultConfigurationName = Release;
		};
/* End XCConfigurationList section */
	};
	rootObject = F50F91BC2639010900E76CE1 /* Project object */;
}
